
Microsoft Visual Studio Solution File, Format Version 12.00
# Visual Studio 14
VisualStudioVersion = 14.0.25420.1
MinimumVisualStudioVersion = 10.0.40219.1
Project("{FAE04EC0-301F-11D3-BF4B-00C04F79EFBC}") = "BackupAndArchive", "BackupAndArchive\BackupAndArchive\BackupAndArchive.csproj", "{2D3367A4-0081-4DBA-9554-BFDF40CCB3C3}"
EndProject
Project("{FAE04EC0-301F-11D3-BF4B-00C04F79EFBC}") = "CHMPluginAPICommon", "CHMPluginAPICommon\CHMPluginAPICommon\CHMPluginAPICommon.csproj", "{7C58E5A4-D137-4E8B-836F-7AFC7FF3F979}"
EndProject
Project("{FAE04EC0-301F-11D3-BF4B-00C04F79EFBC}") = "DeviceWatchdog", "DeviceWatchdog\DeviceWatchdog\DeviceWatchdog.csproj", "{5E75DAA4-A855-40E9-91F1-9809ABD8AE06}"
EndProject
Project("{F184B08F-C81C-45F6-A57F-5ABD9991F28F}") = "Eval3Lib", "Eval3MathandLogicLib\Eval3Lib\Eval3Lib.vbproj", "{FE433B1A-3397-45FC-88C4-FB80ECAF5849}"
EndProject
Project("{FAE04EC0-301F-11D3-BF4B-00C04F79EFBC}") = "Newtonsoft.Json", "Jason\Newtonsoft.Json\Newtonsoft.Json.csproj", "{EEEA67F9-9089-481D-A4DC-0966DEC9FD7D}"
EndProject
Project("{FAE04EC0-301F-11D3-BF4B-00C04F79EFBC}") = "NancyFXPlugin", "NancyFXPlugin\NancyFXPlugin\NancyFXPlugin.csproj", "{CC342F0F-F53F-4CF2-AECF-52DC2049830A}"
EndProject
Project("{FAE04EC0-301F-11D3-BF4B-00C04F79EFBC}") = "NetworkGatewayInterface", "NetworkGateWayInterface\NetworkGatewayInterface\NetworkGatewayInterface.csproj", "{EFFA9B2D-54E4-41FB-BDC3-3C53F489C890}"
EndProject
Project("{FAE04EC0-301F-11D3-BF4B-00C04F79EFBC}") = "NetworkGateWayInterface_IH", "NetworkGateWayInterface_IH\NetworkGateWayInterface_IH\NetworkGateWayInterface_IH.csproj", "{60C7D078-C3EC-409D-8A5F-36DC73EABAE8}"
EndProject
Project("{FAE04EC0-301F-11D3-BF4B-00C04F79EFBC}") = "NetworkGateWayInterface_IP", "NetworkGateWayInterface_IP\NetworkGateWayInterface_IP\NetworkGateWayInterface_IP.csproj", "{8240F867-39C7-4891-8311-81D400A3BB80}"
EndProject
Project("{FAE04EC0-301F-11D3-BF4B-00C04F79EFBC}") = "NetworkGateWayInterface_SOC", "NetworkGateWayInterface_SOC\NetworkGateWayInterface_SOC\NetworkGateWayInterface_SOC.csproj", "{E2BC901C-CB5A-44C8-8FDD-D40E48EDA14A}"
EndProject
Project("{FAE04EC0-301F-11D3-BF4B-00C04F79EFBC}") = "OutbackMateInterface", "OutbackMateInterface\OutbackMateInterface\OutbackMateInterface.csproj", "{DF20635A-CACA-427E-9389-CDD3D548E917}"
EndProject
Project("{FAE04EC0-301F-11D3-BF4B-00C04F79EFBC}") = "PhilipsHue", "PhilipsHue\PhilipsHue\PhilipsHue.csproj", "{EC6365EF-7D30-4F6E-8276-FB6662113FD8}"
EndProject
Project("{FAE04EC0-301F-11D3-BF4B-00C04F79EFBC}") = "DSCPower832", "Power832\Power832\DSCPower832.csproj", "{01727AC9-5DFD-4F22-8FA5-93501306CDF6}"
EndProject
Project("{FAE04EC0-301F-11D3-BF4B-00C04F79EFBC}") = "UniversalDevicesInterface", "UniversalDevicesInterface\UniversalDevicesInterface\UniversalDevicesInterface.csproj", "{6669D3E0-2AA6-4BC8-9636-589C9A49A5DD}"
EndProject
Project("{FAE04EC0-301F-11D3-BF4B-00C04F79EFBC}") = "VantagePro", "VantagePro\VantagePro\VantagePro.csproj", "{44578272-A75C-47B2-9F33-12EE476BDF04}"
EndProject
Project("{FAE04EC0-301F-11D3-BF4B-00C04F79EFBC}") = "websocket-sharp", "websocket-sharp\websocket-sharp.csproj", "{B357BAC7-529E-4D81-A0D2-71041B19C8DE}"
EndProject
Project("{FAE04EC0-301F-11D3-BF4B-00C04F79EFBC}") = "AutomationProcesses", "AutomationProcesses\AutomationProcesses\AutomationProcesses.csproj", "{64FC477D-1456-411B-8480-975AAAE318AE}"
EndProject
Project("{FAE04EC0-301F-11D3-BF4B-00C04F79EFBC}") = "SunAndMoonTimes", "SunAndMoonTimes\SunAndMoonTimes\SunAndMoonTimes.csproj", "{57E6AFF7-474A-4D75-A74E-356A092CE83D}"
EndProject
Project("{FAE04EC0-301F-11D3-BF4B-00C04F79EFBC}") = "HarmonyHubDll", "HarmonyHub\HarmonyHubDLL\HarmonyHubDll.csproj", "{7B70E81E-B561-497B-BC1D-4E3A8CB4C0FF}"
EndProject
Project("{FAE04EC0-301F-11D3-BF4B-00C04F79EFBC}") = "HarmonyHub", "HarmonyHub\HarmonyHubUtility\HarmonyHub.csproj", "{343C20BE-1027-4EE6-B352-7B525F836196}"
EndProject
Global
	GlobalSection(SolutionConfigurationPlatforms) = preSolution
		Debug_Ubuntu|Any CPU = Debug_Ubuntu|Any CPU
		Debug_Ubuntu|x64 = Debug_Ubuntu|x64
		Debug_Ubuntu|x86 = Debug_Ubuntu|x86
		Debug|Any CPU = Debug|Any CPU
		Debug|x64 = Debug|x64
		Debug|x86 = Debug|x86
		Release_Ubuntu|Any CPU = Release_Ubuntu|Any CPU
		Release_Ubuntu|x64 = Release_Ubuntu|x64
		Release_Ubuntu|x86 = Release_Ubuntu|x86
		Release|Any CPU = Release|Any CPU
		Release|x64 = Release|x64
		Release|x86 = Release|x86
	EndGlobalSection
	GlobalSection(ProjectConfigurationPlatforms) = postSolution
		{2D3367A4-0081-4DBA-9554-BFDF40CCB3C3}.Debug_Ubuntu|Any CPU.ActiveCfg = Debug|Any CPU
		{2D3367A4-0081-4DBA-9554-BFDF40CCB3C3}.Debug_Ubuntu|Any CPU.Build.0 = Debug|Any CPU
		{2D3367A4-0081-4DBA-9554-BFDF40CCB3C3}.Debug_Ubuntu|x64.ActiveCfg = Debug|x64
		{2D3367A4-0081-4DBA-9554-BFDF40CCB3C3}.Debug_Ubuntu|x64.Build.0 = Debug|x64
		{2D3367A4-0081-4DBA-9554-BFDF40CCB3C3}.Debug_Ubuntu|x86.ActiveCfg = Debug|Any CPU
		{2D3367A4-0081-4DBA-9554-BFDF40CCB3C3}.Debug_Ubuntu|x86.Build.0 = Debug|Any CPU
		{2D3367A4-0081-4DBA-9554-BFDF40CCB3C3}.Debug|Any CPU.ActiveCfg = Debug|Any CPU
		{2D3367A4-0081-4DBA-9554-BFDF40CCB3C3}.Debug|Any CPU.Build.0 = Debug|Any CPU
		{2D3367A4-0081-4DBA-9554-BFDF40CCB3C3}.Debug|x64.ActiveCfg = Debug|x64
		{2D3367A4-0081-4DBA-9554-BFDF40CCB3C3}.Debug|x64.Build.0 = Debug|x64
		{2D3367A4-0081-4DBA-9554-BFDF40CCB3C3}.Debug|x86.ActiveCfg = Debug|Any CPU
		{2D3367A4-0081-4DBA-9554-BFDF40CCB3C3}.Debug|x86.Build.0 = Debug|Any CPU
		{2D3367A4-0081-4DBA-9554-BFDF40CCB3C3}.Release_Ubuntu|Any CPU.ActiveCfg = Release|Any CPU
		{2D3367A4-0081-4DBA-9554-BFDF40CCB3C3}.Release_Ubuntu|Any CPU.Build.0 = Release|Any CPU
		{2D3367A4-0081-4DBA-9554-BFDF40CCB3C3}.Release_Ubuntu|x64.ActiveCfg = Release|x64
		{2D3367A4-0081-4DBA-9554-BFDF40CCB3C3}.Release_Ubuntu|x64.Build.0 = Release|x64
		{2D3367A4-0081-4DBA-9554-BFDF40CCB3C3}.Release_Ubuntu|x86.ActiveCfg = Release|Any CPU
		{2D3367A4-0081-4DBA-9554-BFDF40CCB3C3}.Release_Ubuntu|x86.Build.0 = Release|Any CPU
		{2D3367A4-0081-4DBA-9554-BFDF40CCB3C3}.Release|Any CPU.ActiveCfg = Release|Any CPU
		{2D3367A4-0081-4DBA-9554-BFDF40CCB3C3}.Release|Any CPU.Build.0 = Release|Any CPU
		{2D3367A4-0081-4DBA-9554-BFDF40CCB3C3}.Release|x64.ActiveCfg = Release|x64
		{2D3367A4-0081-4DBA-9554-BFDF40CCB3C3}.Release|x64.Build.0 = Release|x64
		{2D3367A4-0081-4DBA-9554-BFDF40CCB3C3}.Release|x86.ActiveCfg = Release|Any CPU
		{2D3367A4-0081-4DBA-9554-BFDF40CCB3C3}.Release|x86.Build.0 = Release|Any CPU
		{7C58E5A4-D137-4E8B-836F-7AFC7FF3F979}.Debug_Ubuntu|Any CPU.ActiveCfg = Debug|Any CPU
		{7C58E5A4-D137-4E8B-836F-7AFC7FF3F979}.Debug_Ubuntu|Any CPU.Build.0 = Debug|Any CPU
		{7C58E5A4-D137-4E8B-836F-7AFC7FF3F979}.Debug_Ubuntu|x64.ActiveCfg = Debug|x64
		{7C58E5A4-D137-4E8B-836F-7AFC7FF3F979}.Debug_Ubuntu|x64.Build.0 = Debug|x64
		{7C58E5A4-D137-4E8B-836F-7AFC7FF3F979}.Debug_Ubuntu|x86.ActiveCfg = Debug|x86
		{7C58E5A4-D137-4E8B-836F-7AFC7FF3F979}.Debug_Ubuntu|x86.Build.0 = Debug|x86
		{7C58E5A4-D137-4E8B-836F-7AFC7FF3F979}.Debug|Any CPU.ActiveCfg = Debug|Any CPU
		{7C58E5A4-D137-4E8B-836F-7AFC7FF3F979}.Debug|Any CPU.Build.0 = Debug|Any CPU
		{7C58E5A4-D137-4E8B-836F-7AFC7FF3F979}.Debug|x64.ActiveCfg = Debug|x64
		{7C58E5A4-D137-4E8B-836F-7AFC7FF3F979}.Debug|x64.Build.0 = Debug|x64
		{7C58E5A4-D137-4E8B-836F-7AFC7FF3F979}.Debug|x86.ActiveCfg = Debug|x86
		{7C58E5A4-D137-4E8B-836F-7AFC7FF3F979}.Debug|x86.Build.0 = Debug|x86
		{7C58E5A4-D137-4E8B-836F-7AFC7FF3F979}.Release_Ubuntu|Any CPU.ActiveCfg = Release|Any CPU
		{7C58E5A4-D137-4E8B-836F-7AFC7FF3F979}.Release_Ubuntu|Any CPU.Build.0 = Release|Any CPU
		{7C58E5A4-D137-4E8B-836F-7AFC7FF3F979}.Release_Ubuntu|x64.ActiveCfg = Release|x64
		{7C58E5A4-D137-4E8B-836F-7AFC7FF3F979}.Release_Ubuntu|x64.Build.0 = Release|x64
		{7C58E5A4-D137-4E8B-836F-7AFC7FF3F979}.Release_Ubuntu|x86.ActiveCfg = Release|x86
		{7C58E5A4-D137-4E8B-836F-7AFC7FF3F979}.Release_Ubuntu|x86.Build.0 = Release|x86
		{7C58E5A4-D137-4E8B-836F-7AFC7FF3F979}.Release|Any CPU.ActiveCfg = Release|Any CPU
		{7C58E5A4-D137-4E8B-836F-7AFC7FF3F979}.Release|Any CPU.Build.0 = Release|Any CPU
		{7C58E5A4-D137-4E8B-836F-7AFC7FF3F979}.Release|x64.ActiveCfg = Release|x64
		{7C58E5A4-D137-4E8B-836F-7AFC7FF3F979}.Release|x64.Build.0 = Release|x64
		{7C58E5A4-D137-4E8B-836F-7AFC7FF3F979}.Release|x86.ActiveCfg = Release|x86
		{7C58E5A4-D137-4E8B-836F-7AFC7FF3F979}.Release|x86.Build.0 = Release|x86
		{5E75DAA4-A855-40E9-91F1-9809ABD8AE06}.Debug_Ubuntu|Any CPU.ActiveCfg = Debug|Any CPU
		{5E75DAA4-A855-40E9-91F1-9809ABD8AE06}.Debug_Ubuntu|Any CPU.Build.0 = Debug|Any CPU
		{5E75DAA4-A855-40E9-91F1-9809ABD8AE06}.Debug_Ubuntu|x64.ActiveCfg = Debug|x64
		{5E75DAA4-A855-40E9-91F1-9809ABD8AE06}.Debug_Ubuntu|x64.Build.0 = Debug|x64
		{5E75DAA4-A855-40E9-91F1-9809ABD8AE06}.Debug_Ubuntu|x86.ActiveCfg = Debug|Any CPU
		{5E75DAA4-A855-40E9-91F1-9809ABD8AE06}.Debug_Ubuntu|x86.Build.0 = Debug|Any CPU
		{5E75DAA4-A855-40E9-91F1-9809ABD8AE06}.Debug|Any CPU.ActiveCfg = Debug|Any CPU
		{5E75DAA4-A855-40E9-91F1-9809ABD8AE06}.Debug|Any CPU.Build.0 = Debug|Any CPU
		{5E75DAA4-A855-40E9-91F1-9809ABD8AE06}.Debug|x64.ActiveCfg = Debug|x64
		{5E75DAA4-A855-40E9-91F1-9809ABD8AE06}.Debug|x64.Build.0 = Debug|x64
		{5E75DAA4-A855-40E9-91F1-9809ABD8AE06}.Debug|x86.ActiveCfg = Debug|Any CPU
		{5E75DAA4-A855-40E9-91F1-9809ABD8AE06}.Debug|x86.Build.0 = Debug|Any CPU
		{5E75DAA4-A855-40E9-91F1-9809ABD8AE06}.Release_Ubuntu|Any CPU.ActiveCfg = Release|Any CPU
		{5E75DAA4-A855-40E9-91F1-9809ABD8AE06}.Release_Ubuntu|Any CPU.Build.0 = Release|Any CPU
		{5E75DAA4-A855-40E9-91F1-9809ABD8AE06}.Release_Ubuntu|x64.ActiveCfg = Release|x64
		{5E75DAA4-A855-40E9-91F1-9809ABD8AE06}.Release_Ubuntu|x64.Build.0 = Release|x64
		{5E75DAA4-A855-40E9-91F1-9809ABD8AE06}.Release_Ubuntu|x86.ActiveCfg = Release|Any CPU
		{5E75DAA4-A855-40E9-91F1-9809ABD8AE06}.Release_Ubuntu|x86.Build.0 = Release|Any CPU
		{5E75DAA4-A855-40E9-91F1-9809ABD8AE06}.Release|Any CPU.ActiveCfg = Release|Any CPU
		{5E75DAA4-A855-40E9-91F1-9809ABD8AE06}.Release|Any CPU.Build.0 = Release|Any CPU
		{5E75DAA4-A855-40E9-91F1-9809ABD8AE06}.Release|x64.ActiveCfg = Release|x64
		{5E75DAA4-A855-40E9-91F1-9809ABD8AE06}.Release|x64.Build.0 = Release|x64
		{5E75DAA4-A855-40E9-91F1-9809ABD8AE06}.Release|x86.ActiveCfg = Release|Any CPU
		{5E75DAA4-A855-40E9-91F1-9809ABD8AE06}.Release|x86.Build.0 = Release|Any CPU
		{FE433B1A-3397-45FC-88C4-FB80ECAF5849}.Debug_Ubuntu|Any CPU.ActiveCfg = Debug|Any CPU
		{FE433B1A-3397-45FC-88C4-FB80ECAF5849}.Debug_Ubuntu|Any CPU.Build.0 = Debug|Any CPU
		{FE433B1A-3397-45FC-88C4-FB80ECAF5849}.Debug_Ubuntu|x64.ActiveCfg = Debug|x64
		{FE433B1A-3397-45FC-88C4-FB80ECAF5849}.Debug_Ubuntu|x64.Build.0 = Debug|x64
		{FE433B1A-3397-45FC-88C4-FB80ECAF5849}.Debug_Ubuntu|x86.ActiveCfg = Debug|Any CPU
		{FE433B1A-3397-45FC-88C4-FB80ECAF5849}.Debug_Ubuntu|x86.Build.0 = Debug|Any CPU
		{FE433B1A-3397-45FC-88C4-FB80ECAF5849}.Debug|Any CPU.ActiveCfg = Debug|Any CPU
		{FE433B1A-3397-45FC-88C4-FB80ECAF5849}.Debug|Any CPU.Build.0 = Debug|Any CPU
		{FE433B1A-3397-45FC-88C4-FB80ECAF5849}.Debug|x64.ActiveCfg = Debug|x64
		{FE433B1A-3397-45FC-88C4-FB80ECAF5849}.Debug|x64.Build.0 = Debug|x64
		{FE433B1A-3397-45FC-88C4-FB80ECAF5849}.Debug|x86.ActiveCfg = Debug|Any CPU
		{FE433B1A-3397-45FC-88C4-FB80ECAF5849}.Debug|x86.Build.0 = Debug|Any CPU
		{FE433B1A-3397-45FC-88C4-FB80ECAF5849}.Release_Ubuntu|Any CPU.ActiveCfg = Release|Any CPU
		{FE433B1A-3397-45FC-88C4-FB80ECAF5849}.Release_Ubuntu|Any CPU.Build.0 = Release|Any CPU
		{FE433B1A-3397-45FC-88C4-FB80ECAF5849}.Release_Ubuntu|x64.ActiveCfg = Release|x64
		{FE433B1A-3397-45FC-88C4-FB80ECAF5849}.Release_Ubuntu|x64.Build.0 = Release|x64
		{FE433B1A-3397-45FC-88C4-FB80ECAF5849}.Release_Ubuntu|x86.ActiveCfg = Release|Any CPU
		{FE433B1A-3397-45FC-88C4-FB80ECAF5849}.Release_Ubuntu|x86.Build.0 = Release|Any CPU
		{FE433B1A-3397-45FC-88C4-FB80ECAF5849}.Release|Any CPU.ActiveCfg = Release|Any CPU
		{FE433B1A-3397-45FC-88C4-FB80ECAF5849}.Release|Any CPU.Build.0 = Release|Any CPU
		{FE433B1A-3397-45FC-88C4-FB80ECAF5849}.Release|x64.ActiveCfg = Release|x64
		{FE433B1A-3397-45FC-88C4-FB80ECAF5849}.Release|x64.Build.0 = Release|x64
		{FE433B1A-3397-45FC-88C4-FB80ECAF5849}.Release|x86.ActiveCfg = Release|Any CPU
		{FE433B1A-3397-45FC-88C4-FB80ECAF5849}.Release|x86.Build.0 = Release|Any CPU
		{EEEA67F9-9089-481D-A4DC-0966DEC9FD7D}.Debug_Ubuntu|Any CPU.ActiveCfg = Debug|Any CPU
		{EEEA67F9-9089-481D-A4DC-0966DEC9FD7D}.Debug_Ubuntu|Any CPU.Build.0 = Debug|Any CPU
		{EEEA67F9-9089-481D-A4DC-0966DEC9FD7D}.Debug_Ubuntu|x64.ActiveCfg = Debug|x64
		{EEEA67F9-9089-481D-A4DC-0966DEC9FD7D}.Debug_Ubuntu|x64.Build.0 = Debug|x64
		{EEEA67F9-9089-481D-A4DC-0966DEC9FD7D}.Debug_Ubuntu|x86.ActiveCfg = Debug|Any CPU
		{EEEA67F9-9089-481D-A4DC-0966DEC9FD7D}.Debug_Ubuntu|x86.Build.0 = Debug|Any CPU
		{EEEA67F9-9089-481D-A4DC-0966DEC9FD7D}.Debug|Any CPU.ActiveCfg = Debug|Any CPU
		{EEEA67F9-9089-481D-A4DC-0966DEC9FD7D}.Debug|Any CPU.Build.0 = Debug|Any CPU
		{EEEA67F9-9089-481D-A4DC-0966DEC9FD7D}.Debug|x64.ActiveCfg = Debug|x64
		{EEEA67F9-9089-481D-A4DC-0966DEC9FD7D}.Debug|x64.Build.0 = Debug|x64
		{EEEA67F9-9089-481D-A4DC-0966DEC9FD7D}.Debug|x86.ActiveCfg = Debug|Any CPU
		{EEEA67F9-9089-481D-A4DC-0966DEC9FD7D}.Debug|x86.Build.0 = Debug|Any CPU
		{EEEA67F9-9089-481D-A4DC-0966DEC9FD7D}.Release_Ubuntu|Any CPU.ActiveCfg = Release|Any CPU
		{EEEA67F9-9089-481D-A4DC-0966DEC9FD7D}.Release_Ubuntu|Any CPU.Build.0 = Release|Any CPU
		{EEEA67F9-9089-481D-A4DC-0966DEC9FD7D}.Release_Ubuntu|x64.ActiveCfg = Release|x64
		{EEEA67F9-9089-481D-A4DC-0966DEC9FD7D}.Release_Ubuntu|x64.Build.0 = Release|x64
		{EEEA67F9-9089-481D-A4DC-0966DEC9FD7D}.Release_Ubuntu|x86.ActiveCfg = Release|Any CPU
		{EEEA67F9-9089-481D-A4DC-0966DEC9FD7D}.Release_Ubuntu|x86.Build.0 = Release|Any CPU
		{EEEA67F9-9089-481D-A4DC-0966DEC9FD7D}.Release|Any CPU.ActiveCfg = Release|Any CPU
		{EEEA67F9-9089-481D-A4DC-0966DEC9FD7D}.Release|Any CPU.Build.0 = Release|Any CPU
		{EEEA67F9-9089-481D-A4DC-0966DEC9FD7D}.Release|x64.ActiveCfg = Release|x64
		{EEEA67F9-9089-481D-A4DC-0966DEC9FD7D}.Release|x64.Build.0 = Release|x64
		{EEEA67F9-9089-481D-A4DC-0966DEC9FD7D}.Release|x86.ActiveCfg = Release|Any CPU
		{EEEA67F9-9089-481D-A4DC-0966DEC9FD7D}.Release|x86.Build.0 = Release|Any CPU
		{CC342F0F-F53F-4CF2-AECF-52DC2049830A}.Debug_Ubuntu|Any CPU.ActiveCfg = Debug|Any CPU
		{CC342F0F-F53F-4CF2-AECF-52DC2049830A}.Debug_Ubuntu|Any CPU.Build.0 = Debug|Any CPU
		{CC342F0F-F53F-4CF2-AECF-52DC2049830A}.Debug_Ubuntu|x64.ActiveCfg = Debug|x64
		{CC342F0F-F53F-4CF2-AECF-52DC2049830A}.Debug_Ubuntu|x64.Build.0 = Debug|x64
		{CC342F0F-F53F-4CF2-AECF-52DC2049830A}.Debug_Ubuntu|x86.ActiveCfg = Debug|Any CPU
		{CC342F0F-F53F-4CF2-AECF-52DC2049830A}.Debug_Ubuntu|x86.Build.0 = Debug|Any CPU
		{CC342F0F-F53F-4CF2-AECF-52DC2049830A}.Debug|Any CPU.ActiveCfg = Debug|Any CPU
		{CC342F0F-F53F-4CF2-AECF-52DC2049830A}.Debug|Any CPU.Build.0 = Debug|Any CPU
		{CC342F0F-F53F-4CF2-AECF-52DC2049830A}.Debug|x64.ActiveCfg = Debug|x64
		{CC342F0F-F53F-4CF2-AECF-52DC2049830A}.Debug|x64.Build.0 = Debug|x64
		{CC342F0F-F53F-4CF2-AECF-52DC2049830A}.Debug|x86.ActiveCfg = Debug|Any CPU
		{CC342F0F-F53F-4CF2-AECF-52DC2049830A}.Debug|x86.Build.0 = Debug|Any CPU
		{CC342F0F-F53F-4CF2-AECF-52DC2049830A}.Release_Ubuntu|Any CPU.ActiveCfg = Release|Any CPU
		{CC342F0F-F53F-4CF2-AECF-52DC2049830A}.Release_Ubuntu|Any CPU.Build.0 = Release|Any CPU
		{CC342F0F-F53F-4CF2-AECF-52DC2049830A}.Release_Ubuntu|x64.ActiveCfg = Release|x64
		{CC342F0F-F53F-4CF2-AECF-52DC2049830A}.Release_Ubuntu|x64.Build.0 = Release|x64
		{CC342F0F-F53F-4CF2-AECF-52DC2049830A}.Release_Ubuntu|x86.ActiveCfg = Release|Any CPU
		{CC342F0F-F53F-4CF2-AECF-52DC2049830A}.Release_Ubuntu|x86.Build.0 = Release|Any CPU
		{CC342F0F-F53F-4CF2-AECF-52DC2049830A}.Release|Any CPU.ActiveCfg = Release|Any CPU
		{CC342F0F-F53F-4CF2-AECF-52DC2049830A}.Release|Any CPU.Build.0 = Release|Any CPU
		{CC342F0F-F53F-4CF2-AECF-52DC2049830A}.Release|x64.ActiveCfg = Release|x64
		{CC342F0F-F53F-4CF2-AECF-52DC2049830A}.Release|x64.Build.0 = Release|x64
		{CC342F0F-F53F-4CF2-AECF-52DC2049830A}.Release|x86.ActiveCfg = Release|Any CPU
		{CC342F0F-F53F-4CF2-AECF-52DC2049830A}.Release|x86.Build.0 = Release|Any CPU
		{EFFA9B2D-54E4-41FB-BDC3-3C53F489C890}.Debug_Ubuntu|Any CPU.ActiveCfg = Debug|Any CPU
		{EFFA9B2D-54E4-41FB-BDC3-3C53F489C890}.Debug_Ubuntu|Any CPU.Build.0 = Debug|Any CPU
		{EFFA9B2D-54E4-41FB-BDC3-3C53F489C890}.Debug_Ubuntu|x64.ActiveCfg = Debug|x64
		{EFFA9B2D-54E4-41FB-BDC3-3C53F489C890}.Debug_Ubuntu|x64.Build.0 = Debug|x64
		{EFFA9B2D-54E4-41FB-BDC3-3C53F489C890}.Debug_Ubuntu|x86.ActiveCfg = Debug|Any CPU
		{EFFA9B2D-54E4-41FB-BDC3-3C53F489C890}.Debug_Ubuntu|x86.Build.0 = Debug|Any CPU
		{EFFA9B2D-54E4-41FB-BDC3-3C53F489C890}.Debug|Any CPU.ActiveCfg = Debug|Any CPU
		{EFFA9B2D-54E4-41FB-BDC3-3C53F489C890}.Debug|Any CPU.Build.0 = Debug|Any CPU
		{EFFA9B2D-54E4-41FB-BDC3-3C53F489C890}.Debug|x64.ActiveCfg = Debug|x64
		{EFFA9B2D-54E4-41FB-BDC3-3C53F489C890}.Debug|x64.Build.0 = Debug|x64
		{EFFA9B2D-54E4-41FB-BDC3-3C53F489C890}.Debug|x86.ActiveCfg = Debug|Any CPU
		{EFFA9B2D-54E4-41FB-BDC3-3C53F489C890}.Debug|x86.Build.0 = Debug|Any CPU
		{EFFA9B2D-54E4-41FB-BDC3-3C53F489C890}.Release_Ubuntu|Any CPU.ActiveCfg = Release|Any CPU
		{EFFA9B2D-54E4-41FB-BDC3-3C53F489C890}.Release_Ubuntu|Any CPU.Build.0 = Release|Any CPU
		{EFFA9B2D-54E4-41FB-BDC3-3C53F489C890}.Release_Ubuntu|x64.ActiveCfg = Release|x64
		{EFFA9B2D-54E4-41FB-BDC3-3C53F489C890}.Release_Ubuntu|x64.Build.0 = Release|x64
		{EFFA9B2D-54E4-41FB-BDC3-3C53F489C890}.Release_Ubuntu|x86.ActiveCfg = Release|Any CPU
		{EFFA9B2D-54E4-41FB-BDC3-3C53F489C890}.Release_Ubuntu|x86.Build.0 = Release|Any CPU
		{EFFA9B2D-54E4-41FB-BDC3-3C53F489C890}.Release|Any CPU.ActiveCfg = Release|Any CPU
		{EFFA9B2D-54E4-41FB-BDC3-3C53F489C890}.Release|Any CPU.Build.0 = Release|Any CPU
		{EFFA9B2D-54E4-41FB-BDC3-3C53F489C890}.Release|x64.ActiveCfg = Release|x64
		{EFFA9B2D-54E4-41FB-BDC3-3C53F489C890}.Release|x64.Build.0 = Release|x64
		{EFFA9B2D-54E4-41FB-BDC3-3C53F489C890}.Release|x86.ActiveCfg = Release|Any CPU
		{EFFA9B2D-54E4-41FB-BDC3-3C53F489C890}.Release|x86.Build.0 = Release|Any CPU
		{60C7D078-C3EC-409D-8A5F-36DC73EABAE8}.Debug_Ubuntu|Any CPU.ActiveCfg = Debug|Any CPU
		{60C7D078-C3EC-409D-8A5F-36DC73EABAE8}.Debug_Ubuntu|Any CPU.Build.0 = Debug|Any CPU
		{60C7D078-C3EC-409D-8A5F-36DC73EABAE8}.Debug_Ubuntu|x64.ActiveCfg = Debug|x64
		{60C7D078-C3EC-409D-8A5F-36DC73EABAE8}.Debug_Ubuntu|x64.Build.0 = Debug|x64
		{60C7D078-C3EC-409D-8A5F-36DC73EABAE8}.Debug_Ubuntu|x86.ActiveCfg = Debug|Any CPU
		{60C7D078-C3EC-409D-8A5F-36DC73EABAE8}.Debug_Ubuntu|x86.Build.0 = Debug|Any CPU
		{60C7D078-C3EC-409D-8A5F-36DC73EABAE8}.Debug|Any CPU.ActiveCfg = Debug|Any CPU
		{60C7D078-C3EC-409D-8A5F-36DC73EABAE8}.Debug|Any CPU.Build.0 = Debug|Any CPU
		{60C7D078-C3EC-409D-8A5F-36DC73EABAE8}.Debug|x64.ActiveCfg = Debug|x64
		{60C7D078-C3EC-409D-8A5F-36DC73EABAE8}.Debug|x64.Build.0 = Debug|x64
		{60C7D078-C3EC-409D-8A5F-36DC73EABAE8}.Debug|x86.ActiveCfg = Debug|Any CPU
		{60C7D078-C3EC-409D-8A5F-36DC73EABAE8}.Debug|x86.Build.0 = Debug|Any CPU
		{60C7D078-C3EC-409D-8A5F-36DC73EABAE8}.Release_Ubuntu|Any CPU.ActiveCfg = Release|Any CPU
		{60C7D078-C3EC-409D-8A5F-36DC73EABAE8}.Release_Ubuntu|Any CPU.Build.0 = Release|Any CPU
		{60C7D078-C3EC-409D-8A5F-36DC73EABAE8}.Release_Ubuntu|x64.ActiveCfg = Release|x64
		{60C7D078-C3EC-409D-8A5F-36DC73EABAE8}.Release_Ubuntu|x64.Build.0 = Release|x64
		{60C7D078-C3EC-409D-8A5F-36DC73EABAE8}.Release_Ubuntu|x86.ActiveCfg = Release|Any CPU
		{60C7D078-C3EC-409D-8A5F-36DC73EABAE8}.Release_Ubuntu|x86.Build.0 = Release|Any CPU
		{60C7D078-C3EC-409D-8A5F-36DC73EABAE8}.Release|Any CPU.ActiveCfg = Release|Any CPU
		{60C7D078-C3EC-409D-8A5F-36DC73EABAE8}.Release|Any CPU.Build.0 = Release|Any CPU
		{60C7D078-C3EC-409D-8A5F-36DC73EABAE8}.Release|x64.ActiveCfg = Release|x64
		{60C7D078-C3EC-409D-8A5F-36DC73EABAE8}.Release|x64.Build.0 = Release|x64
		{60C7D078-C3EC-409D-8A5F-36DC73EABAE8}.Release|x86.ActiveCfg = Release|Any CPU
		{60C7D078-C3EC-409D-8A5F-36DC73EABAE8}.Release|x86.Build.0 = Release|Any CPU
		{8240F867-39C7-4891-8311-81D400A3BB80}.Debug_Ubuntu|Any CPU.ActiveCfg = Debug|Any CPU
		{8240F867-39C7-4891-8311-81D400A3BB80}.Debug_Ubuntu|Any CPU.Build.0 = Debug|Any CPU
		{8240F867-39C7-4891-8311-81D400A3BB80}.Debug_Ubuntu|x64.ActiveCfg = Debug|x64
		{8240F867-39C7-4891-8311-81D400A3BB80}.Debug_Ubuntu|x64.Build.0 = Debug|x64
		{8240F867-39C7-4891-8311-81D400A3BB80}.Debug_Ubuntu|x86.ActiveCfg = Debug|Any CPU
		{8240F867-39C7-4891-8311-81D400A3BB80}.Debug_Ubuntu|x86.Build.0 = Debug|Any CPU
		{8240F867-39C7-4891-8311-81D400A3BB80}.Debug|Any CPU.ActiveCfg = Debug|Any CPU
		{8240F867-39C7-4891-8311-81D400A3BB80}.Debug|Any CPU.Build.0 = Debug|Any CPU
		{8240F867-39C7-4891-8311-81D400A3BB80}.Debug|x64.ActiveCfg = Debug|x64
		{8240F867-39C7-4891-8311-81D400A3BB80}.Debug|x64.Build.0 = Debug|x64
		{8240F867-39C7-4891-8311-81D400A3BB80}.Debug|x86.ActiveCfg = Debug|Any CPU
		{8240F867-39C7-4891-8311-81D400A3BB80}.Debug|x86.Build.0 = Debug|Any CPU
		{8240F867-39C7-4891-8311-81D400A3BB80}.Release_Ubuntu|Any CPU.ActiveCfg = Release|Any CPU
		{8240F867-39C7-4891-8311-81D400A3BB80}.Release_Ubuntu|Any CPU.Build.0 = Release|Any CPU
		{8240F867-39C7-4891-8311-81D400A3BB80}.Release_Ubuntu|x64.ActiveCfg = Release|x64
		{8240F867-39C7-4891-8311-81D400A3BB80}.Release_Ubuntu|x64.Build.0 = Release|x64
		{8240F867-39C7-4891-8311-81D400A3BB80}.Release_Ubuntu|x86.ActiveCfg = Release|Any CPU
		{8240F867-39C7-4891-8311-81D400A3BB80}.Release_Ubuntu|x86.Build.0 = Release|Any CPU
		{8240F867-39C7-4891-8311-81D400A3BB80}.Release|Any CPU.ActiveCfg = Release|Any CPU
		{8240F867-39C7-4891-8311-81D400A3BB80}.Release|Any CPU.Build.0 = Release|Any CPU
		{8240F867-39C7-4891-8311-81D400A3BB80}.Release|x64.ActiveCfg = Release|x64
		{8240F867-39C7-4891-8311-81D400A3BB80}.Release|x64.Build.0 = Release|x64
		{8240F867-39C7-4891-8311-81D400A3BB80}.Release|x86.ActiveCfg = Release|Any CPU
		{8240F867-39C7-4891-8311-81D400A3BB80}.Release|x86.Build.0 = Release|Any CPU
		{E2BC901C-CB5A-44C8-8FDD-D40E48EDA14A}.Debug_Ubuntu|Any CPU.ActiveCfg = Debug|Any CPU
		{E2BC901C-CB5A-44C8-8FDD-D40E48EDA14A}.Debug_Ubuntu|Any CPU.Build.0 = Debug|Any CPU
		{E2BC901C-CB5A-44C8-8FDD-D40E48EDA14A}.Debug_Ubuntu|x64.ActiveCfg = Debug|x64
		{E2BC901C-CB5A-44C8-8FDD-D40E48EDA14A}.Debug_Ubuntu|x64.Build.0 = Debug|x64
		{E2BC901C-CB5A-44C8-8FDD-D40E48EDA14A}.Debug_Ubuntu|x86.ActiveCfg = Debug|Any CPU
		{E2BC901C-CB5A-44C8-8FDD-D40E48EDA14A}.Debug_Ubuntu|x86.Build.0 = Debug|Any CPU
		{E2BC901C-CB5A-44C8-8FDD-D40E48EDA14A}.Debug|Any CPU.ActiveCfg = Debug|Any CPU
		{E2BC901C-CB5A-44C8-8FDD-D40E48EDA14A}.Debug|Any CPU.Build.0 = Debug|Any CPU
		{E2BC901C-CB5A-44C8-8FDD-D40E48EDA14A}.Debug|x64.ActiveCfg = Debug|x64
		{E2BC901C-CB5A-44C8-8FDD-D40E48EDA14A}.Debug|x64.Build.0 = Debug|x64
		{E2BC901C-CB5A-44C8-8FDD-D40E48EDA14A}.Debug|x86.ActiveCfg = Debug|Any CPU
		{E2BC901C-CB5A-44C8-8FDD-D40E48EDA14A}.Debug|x86.Build.0 = Debug|Any CPU
		{E2BC901C-CB5A-44C8-8FDD-D40E48EDA14A}.Release_Ubuntu|Any CPU.ActiveCfg = Release|Any CPU
		{E2BC901C-CB5A-44C8-8FDD-D40E48EDA14A}.Release_Ubuntu|Any CPU.Build.0 = Release|Any CPU
		{E2BC901C-CB5A-44C8-8FDD-D40E48EDA14A}.Release_Ubuntu|x64.ActiveCfg = Release|x64
		{E2BC901C-CB5A-44C8-8FDD-D40E48EDA14A}.Release_Ubuntu|x64.Build.0 = Release|x64
		{E2BC901C-CB5A-44C8-8FDD-D40E48EDA14A}.Release_Ubuntu|x86.ActiveCfg = Release|Any CPU
		{E2BC901C-CB5A-44C8-8FDD-D40E48EDA14A}.Release_Ubuntu|x86.Build.0 = Release|Any CPU
		{E2BC901C-CB5A-44C8-8FDD-D40E48EDA14A}.Release|Any CPU.ActiveCfg = Release|Any CPU
		{E2BC901C-CB5A-44C8-8FDD-D40E48EDA14A}.Release|Any CPU.Build.0 = Release|Any CPU
		{E2BC901C-CB5A-44C8-8FDD-D40E48EDA14A}.Release|x64.ActiveCfg = Release|x64
		{E2BC901C-CB5A-44C8-8FDD-D40E48EDA14A}.Release|x64.Build.0 = Release|x64
		{E2BC901C-CB5A-44C8-8FDD-D40E48EDA14A}.Release|x86.ActiveCfg = Release|Any CPU
		{E2BC901C-CB5A-44C8-8FDD-D40E48EDA14A}.Release|x86.Build.0 = Release|Any CPU
		{DF20635A-CACA-427E-9389-CDD3D548E917}.Debug_Ubuntu|Any CPU.ActiveCfg = Debug|Any CPU
		{DF20635A-CACA-427E-9389-CDD3D548E917}.Debug_Ubuntu|Any CPU.Build.0 = Debug|Any CPU
		{DF20635A-CACA-427E-9389-CDD3D548E917}.Debug_Ubuntu|x64.ActiveCfg = Debug|x64
		{DF20635A-CACA-427E-9389-CDD3D548E917}.Debug_Ubuntu|x64.Build.0 = Debug|x64
		{DF20635A-CACA-427E-9389-CDD3D548E917}.Debug_Ubuntu|x86.ActiveCfg = Debug|Any CPU
		{DF20635A-CACA-427E-9389-CDD3D548E917}.Debug_Ubuntu|x86.Build.0 = Debug|Any CPU
		{DF20635A-CACA-427E-9389-CDD3D548E917}.Debug|Any CPU.ActiveCfg = Debug|Any CPU
		{DF20635A-CACA-427E-9389-CDD3D548E917}.Debug|Any CPU.Build.0 = Debug|Any CPU
		{DF20635A-CACA-427E-9389-CDD3D548E917}.Debug|x64.ActiveCfg = Debug|x64
		{DF20635A-CACA-427E-9389-CDD3D548E917}.Debug|x64.Build.0 = Debug|x64
		{DF20635A-CACA-427E-9389-CDD3D548E917}.Debug|x86.ActiveCfg = Debug|Any CPU
		{DF20635A-CACA-427E-9389-CDD3D548E917}.Debug|x86.Build.0 = Debug|Any CPU
		{DF20635A-CACA-427E-9389-CDD3D548E917}.Release_Ubuntu|Any CPU.ActiveCfg = Release|Any CPU
		{DF20635A-CACA-427E-9389-CDD3D548E917}.Release_Ubuntu|Any CPU.Build.0 = Release|Any CPU
		{DF20635A-CACA-427E-9389-CDD3D548E917}.Release_Ubuntu|x64.ActiveCfg = Release|x64
		{DF20635A-CACA-427E-9389-CDD3D548E917}.Release_Ubuntu|x64.Build.0 = Release|x64
		{DF20635A-CACA-427E-9389-CDD3D548E917}.Release_Ubuntu|x86.ActiveCfg = Release|Any CPU
		{DF20635A-CACA-427E-9389-CDD3D548E917}.Release_Ubuntu|x86.Build.0 = Release|Any CPU
		{DF20635A-CACA-427E-9389-CDD3D548E917}.Release|Any CPU.ActiveCfg = Release|Any CPU
		{DF20635A-CACA-427E-9389-CDD3D548E917}.Release|Any CPU.Build.0 = Release|Any CPU
		{DF20635A-CACA-427E-9389-CDD3D548E917}.Release|x64.ActiveCfg = Release|x64
		{DF20635A-CACA-427E-9389-CDD3D548E917}.Release|x64.Build.0 = Release|x64
		{DF20635A-CACA-427E-9389-CDD3D548E917}.Release|x86.ActiveCfg = Release|Any CPU
		{DF20635A-CACA-427E-9389-CDD3D548E917}.Release|x86.Build.0 = Release|Any CPU
		{EC6365EF-7D30-4F6E-8276-FB6662113FD8}.Debug_Ubuntu|Any CPU.ActiveCfg = Debug|Any CPU
		{EC6365EF-7D30-4F6E-8276-FB6662113FD8}.Debug_Ubuntu|Any CPU.Build.0 = Debug|Any CPU
		{EC6365EF-7D30-4F6E-8276-FB6662113FD8}.Debug_Ubuntu|x64.ActiveCfg = Debug|x64
		{EC6365EF-7D30-4F6E-8276-FB6662113FD8}.Debug_Ubuntu|x64.Build.0 = Debug|x64
		{EC6365EF-7D30-4F6E-8276-FB6662113FD8}.Debug_Ubuntu|x86.ActiveCfg = Debug|Any CPU
		{EC6365EF-7D30-4F6E-8276-FB6662113FD8}.Debug_Ubuntu|x86.Build.0 = Debug|Any CPU
		{EC6365EF-7D30-4F6E-8276-FB6662113FD8}.Debug|Any CPU.ActiveCfg = Debug|Any CPU
		{EC6365EF-7D30-4F6E-8276-FB6662113FD8}.Debug|Any CPU.Build.0 = Debug|Any CPU
		{EC6365EF-7D30-4F6E-8276-FB6662113FD8}.Debug|x64.ActiveCfg = Debug|x64
		{EC6365EF-7D30-4F6E-8276-FB6662113FD8}.Debug|x64.Build.0 = Debug|x64
		{EC6365EF-7D30-4F6E-8276-FB6662113FD8}.Debug|x86.ActiveCfg = Debug|Any CPU
		{EC6365EF-7D30-4F6E-8276-FB6662113FD8}.Debug|x86.Build.0 = Debug|Any CPU
		{EC6365EF-7D30-4F6E-8276-FB6662113FD8}.Release_Ubuntu|Any CPU.ActiveCfg = Release|Any CPU
		{EC6365EF-7D30-4F6E-8276-FB6662113FD8}.Release_Ubuntu|Any CPU.Build.0 = Release|Any CPU
		{EC6365EF-7D30-4F6E-8276-FB6662113FD8}.Release_Ubuntu|x64.ActiveCfg = Release|x64
		{EC6365EF-7D30-4F6E-8276-FB6662113FD8}.Release_Ubuntu|x64.Build.0 = Release|x64
		{EC6365EF-7D30-4F6E-8276-FB6662113FD8}.Release_Ubuntu|x86.ActiveCfg = Release|Any CPU
		{EC6365EF-7D30-4F6E-8276-FB6662113FD8}.Release_Ubuntu|x86.Build.0 = Release|Any CPU
		{EC6365EF-7D30-4F6E-8276-FB6662113FD8}.Release|Any CPU.ActiveCfg = Release|Any CPU
		{EC6365EF-7D30-4F6E-8276-FB6662113FD8}.Release|Any CPU.Build.0 = Release|Any CPU
		{EC6365EF-7D30-4F6E-8276-FB6662113FD8}.Release|x64.ActiveCfg = Release|x64
		{EC6365EF-7D30-4F6E-8276-FB6662113FD8}.Release|x64.Build.0 = Release|x64
		{EC6365EF-7D30-4F6E-8276-FB6662113FD8}.Release|x86.ActiveCfg = Release|Any CPU
		{EC6365EF-7D30-4F6E-8276-FB6662113FD8}.Release|x86.Build.0 = Release|Any CPU
		{01727AC9-5DFD-4F22-8FA5-93501306CDF6}.Debug_Ubuntu|Any CPU.ActiveCfg = Debug|Any CPU
		{01727AC9-5DFD-4F22-8FA5-93501306CDF6}.Debug_Ubuntu|Any CPU.Build.0 = Debug|Any CPU
		{01727AC9-5DFD-4F22-8FA5-93501306CDF6}.Debug_Ubuntu|x64.ActiveCfg = Debug|x64
		{01727AC9-5DFD-4F22-8FA5-93501306CDF6}.Debug_Ubuntu|x64.Build.0 = Debug|x64
		{01727AC9-5DFD-4F22-8FA5-93501306CDF6}.Debug_Ubuntu|x86.ActiveCfg = Debug|Any CPU
		{01727AC9-5DFD-4F22-8FA5-93501306CDF6}.Debug_Ubuntu|x86.Build.0 = Debug|Any CPU
		{01727AC9-5DFD-4F22-8FA5-93501306CDF6}.Debug|Any CPU.ActiveCfg = Debug|Any CPU
		{01727AC9-5DFD-4F22-8FA5-93501306CDF6}.Debug|Any CPU.Build.0 = Debug|Any CPU
		{01727AC9-5DFD-4F22-8FA5-93501306CDF6}.Debug|x64.ActiveCfg = Debug|x64
		{01727AC9-5DFD-4F22-8FA5-93501306CDF6}.Debug|x64.Build.0 = Debug|x64
		{01727AC9-5DFD-4F22-8FA5-93501306CDF6}.Debug|x86.ActiveCfg = Debug|Any CPU
		{01727AC9-5DFD-4F22-8FA5-93501306CDF6}.Debug|x86.Build.0 = Debug|Any CPU
		{01727AC9-5DFD-4F22-8FA5-93501306CDF6}.Release_Ubuntu|Any CPU.ActiveCfg = Release|Any CPU
		{01727AC9-5DFD-4F22-8FA5-93501306CDF6}.Release_Ubuntu|Any CPU.Build.0 = Release|Any CPU
		{01727AC9-5DFD-4F22-8FA5-93501306CDF6}.Release_Ubuntu|x64.ActiveCfg = Release|x64
		{01727AC9-5DFD-4F22-8FA5-93501306CDF6}.Release_Ubuntu|x64.Build.0 = Release|x64
		{01727AC9-5DFD-4F22-8FA5-93501306CDF6}.Release_Ubuntu|x86.ActiveCfg = Release|Any CPU
		{01727AC9-5DFD-4F22-8FA5-93501306CDF6}.Release_Ubuntu|x86.Build.0 = Release|Any CPU
		{01727AC9-5DFD-4F22-8FA5-93501306CDF6}.Release|Any CPU.ActiveCfg = Release|Any CPU
		{01727AC9-5DFD-4F22-8FA5-93501306CDF6}.Release|Any CPU.Build.0 = Release|Any CPU
		{01727AC9-5DFD-4F22-8FA5-93501306CDF6}.Release|x64.ActiveCfg = Release|x64
		{01727AC9-5DFD-4F22-8FA5-93501306CDF6}.Release|x64.Build.0 = Release|x64
		{01727AC9-5DFD-4F22-8FA5-93501306CDF6}.Release|x86.ActiveCfg = Release|Any CPU
		{01727AC9-5DFD-4F22-8FA5-93501306CDF6}.Release|x86.Build.0 = Release|Any CPU
		{6669D3E0-2AA6-4BC8-9636-589C9A49A5DD}.Debug_Ubuntu|Any CPU.ActiveCfg = Debug|Any CPU
		{6669D3E0-2AA6-4BC8-9636-589C9A49A5DD}.Debug_Ubuntu|Any CPU.Build.0 = Debug|Any CPU
		{6669D3E0-2AA6-4BC8-9636-589C9A49A5DD}.Debug_Ubuntu|x64.ActiveCfg = Debug|x64
		{6669D3E0-2AA6-4BC8-9636-589C9A49A5DD}.Debug_Ubuntu|x64.Build.0 = Debug|x64
		{6669D3E0-2AA6-4BC8-9636-589C9A49A5DD}.Debug_Ubuntu|x86.ActiveCfg = Debug|Any CPU
		{6669D3E0-2AA6-4BC8-9636-589C9A49A5DD}.Debug_Ubuntu|x86.Build.0 = Debug|Any CPU
		{6669D3E0-2AA6-4BC8-9636-589C9A49A5DD}.Debug|Any CPU.ActiveCfg = Debug|Any CPU
		{6669D3E0-2AA6-4BC8-9636-589C9A49A5DD}.Debug|Any CPU.Build.0 = Debug|Any CPU
		{6669D3E0-2AA6-4BC8-9636-589C9A49A5DD}.Debug|x64.ActiveCfg = Debug|x64
		{6669D3E0-2AA6-4BC8-9636-589C9A49A5DD}.Debug|x64.Build.0 = Debug|x64
		{6669D3E0-2AA6-4BC8-9636-589C9A49A5DD}.Debug|x86.ActiveCfg = Debug|Any CPU
		{6669D3E0-2AA6-4BC8-9636-589C9A49A5DD}.Debug|x86.Build.0 = Debug|Any CPU
		{6669D3E0-2AA6-4BC8-9636-589C9A49A5DD}.Release_Ubuntu|Any CPU.ActiveCfg = Release|Any CPU
		{6669D3E0-2AA6-4BC8-9636-589C9A49A5DD}.Release_Ubuntu|Any CPU.Build.0 = Release|Any CPU
		{6669D3E0-2AA6-4BC8-9636-589C9A49A5DD}.Release_Ubuntu|x64.ActiveCfg = Release|x64
		{6669D3E0-2AA6-4BC8-9636-589C9A49A5DD}.Release_Ubuntu|x64.Build.0 = Release|x64
		{6669D3E0-2AA6-4BC8-9636-589C9A49A5DD}.Release_Ubuntu|x86.ActiveCfg = Release|Any CPU
		{6669D3E0-2AA6-4BC8-9636-589C9A49A5DD}.Release_Ubuntu|x86.Build.0 = Release|Any CPU
		{6669D3E0-2AA6-4BC8-9636-589C9A49A5DD}.Release|Any CPU.ActiveCfg = Release|Any CPU
		{6669D3E0-2AA6-4BC8-9636-589C9A49A5DD}.Release|Any CPU.Build.0 = Release|Any CPU
		{6669D3E0-2AA6-4BC8-9636-589C9A49A5DD}.Release|x64.ActiveCfg = Release|x64
		{6669D3E0-2AA6-4BC8-9636-589C9A49A5DD}.Release|x64.Build.0 = Release|x64
		{6669D3E0-2AA6-4BC8-9636-589C9A49A5DD}.Release|x86.ActiveCfg = Release|Any CPU
		{6669D3E0-2AA6-4BC8-9636-589C9A49A5DD}.Release|x86.Build.0 = Release|Any CPU
		{44578272-A75C-47B2-9F33-12EE476BDF04}.Debug_Ubuntu|Any CPU.ActiveCfg = Debug|Any CPU
		{44578272-A75C-47B2-9F33-12EE476BDF04}.Debug_Ubuntu|Any CPU.Build.0 = Debug|Any CPU
		{44578272-A75C-47B2-9F33-12EE476BDF04}.Debug_Ubuntu|x64.ActiveCfg = Debug|x64
		{44578272-A75C-47B2-9F33-12EE476BDF04}.Debug_Ubuntu|x64.Build.0 = Debug|x64
		{44578272-A75C-47B2-9F33-12EE476BDF04}.Debug_Ubuntu|x86.ActiveCfg = Debug|Any CPU
		{44578272-A75C-47B2-9F33-12EE476BDF04}.Debug_Ubuntu|x86.Build.0 = Debug|Any CPU
		{44578272-A75C-47B2-9F33-12EE476BDF04}.Debug|Any CPU.ActiveCfg = Debug|Any CPU
		{44578272-A75C-47B2-9F33-12EE476BDF04}.Debug|Any CPU.Build.0 = Debug|Any CPU
		{44578272-A75C-47B2-9F33-12EE476BDF04}.Debug|x64.ActiveCfg = Debug|x64
		{44578272-A75C-47B2-9F33-12EE476BDF04}.Debug|x64.Build.0 = Debug|x64
		{44578272-A75C-47B2-9F33-12EE476BDF04}.Debug|x86.ActiveCfg = Debug|Any CPU
		{44578272-A75C-47B2-9F33-12EE476BDF04}.Debug|x86.Build.0 = Debug|Any CPU
		{44578272-A75C-47B2-9F33-12EE476BDF04}.Release_Ubuntu|Any CPU.ActiveCfg = Release|Any CPU
		{44578272-A75C-47B2-9F33-12EE476BDF04}.Release_Ubuntu|Any CPU.Build.0 = Release|Any CPU
		{44578272-A75C-47B2-9F33-12EE476BDF04}.Release_Ubuntu|x64.ActiveCfg = Release|x64
		{44578272-A75C-47B2-9F33-12EE476BDF04}.Release_Ubuntu|x64.Build.0 = Release|x64
		{44578272-A75C-47B2-9F33-12EE476BDF04}.Release_Ubuntu|x86.ActiveCfg = Release|Any CPU
		{44578272-A75C-47B2-9F33-12EE476BDF04}.Release_Ubuntu|x86.Build.0 = Release|Any CPU
		{44578272-A75C-47B2-9F33-12EE476BDF04}.Release|Any CPU.ActiveCfg = Release|Any CPU
		{44578272-A75C-47B2-9F33-12EE476BDF04}.Release|Any CPU.Build.0 = Release|Any CPU
		{44578272-A75C-47B2-9F33-12EE476BDF04}.Release|x64.ActiveCfg = Release|x64
		{44578272-A75C-47B2-9F33-12EE476BDF04}.Release|x64.Build.0 = Release|x64
		{44578272-A75C-47B2-9F33-12EE476BDF04}.Release|x86.ActiveCfg = Release|Any CPU
		{44578272-A75C-47B2-9F33-12EE476BDF04}.Release|x86.Build.0 = Release|Any CPU
		{B357BAC7-529E-4D81-A0D2-71041B19C8DE}.Debug_Ubuntu|Any CPU.ActiveCfg = Debug_Ubuntu|Any CPU
		{B357BAC7-529E-4D81-A0D2-71041B19C8DE}.Debug_Ubuntu|Any CPU.Build.0 = Debug_Ubuntu|Any CPU
		{B357BAC7-529E-4D81-A0D2-71041B19C8DE}.Debug_Ubuntu|x64.ActiveCfg = Debug_Ubuntu|x64
		{B357BAC7-529E-4D81-A0D2-71041B19C8DE}.Debug_Ubuntu|x64.Build.0 = Debug_Ubuntu|x64
		{B357BAC7-529E-4D81-A0D2-71041B19C8DE}.Debug_Ubuntu|x86.ActiveCfg = Debug_Ubuntu|Any CPU
		{B357BAC7-529E-4D81-A0D2-71041B19C8DE}.Debug_Ubuntu|x86.Build.0 = Debug_Ubuntu|Any CPU
		{B357BAC7-529E-4D81-A0D2-71041B19C8DE}.Debug|Any CPU.ActiveCfg = Debug|Any CPU
		{B357BAC7-529E-4D81-A0D2-71041B19C8DE}.Debug|Any CPU.Build.0 = Debug|Any CPU
		{B357BAC7-529E-4D81-A0D2-71041B19C8DE}.Debug|x64.ActiveCfg = Debug|x64
		{B357BAC7-529E-4D81-A0D2-71041B19C8DE}.Debug|x64.Build.0 = Debug|x64
		{B357BAC7-529E-4D81-A0D2-71041B19C8DE}.Debug|x86.ActiveCfg = Debug|Any CPU
		{B357BAC7-529E-4D81-A0D2-71041B19C8DE}.Debug|x86.Build.0 = Debug|Any CPU
		{B357BAC7-529E-4D81-A0D2-71041B19C8DE}.Release_Ubuntu|Any CPU.ActiveCfg = Release_Ubuntu|Any CPU
		{B357BAC7-529E-4D81-A0D2-71041B19C8DE}.Release_Ubuntu|Any CPU.Build.0 = Release_Ubuntu|Any CPU
		{B357BAC7-529E-4D81-A0D2-71041B19C8DE}.Release_Ubuntu|x64.ActiveCfg = Release_Ubuntu|x64
		{B357BAC7-529E-4D81-A0D2-71041B19C8DE}.Release_Ubuntu|x64.Build.0 = Release_Ubuntu|x64
		{B357BAC7-529E-4D81-A0D2-71041B19C8DE}.Release_Ubuntu|x86.ActiveCfg = Release_Ubuntu|Any CPU
		{B357BAC7-529E-4D81-A0D2-71041B19C8DE}.Release_Ubuntu|x86.Build.0 = Release_Ubuntu|Any CPU
		{B357BAC7-529E-4D81-A0D2-71041B19C8DE}.Release|Any CPU.ActiveCfg = Release|Any CPU
		{B357BAC7-529E-4D81-A0D2-71041B19C8DE}.Release|Any CPU.Build.0 = Release|Any CPU
		{B357BAC7-529E-4D81-A0D2-71041B19C8DE}.Release|x64.ActiveCfg = Release|x64
		{B357BAC7-529E-4D81-A0D2-71041B19C8DE}.Release|x64.Build.0 = Release|x64
		{B357BAC7-529E-4D81-A0D2-71041B19C8DE}.Release|x86.ActiveCfg = Release|Any CPU
		{B357BAC7-529E-4D81-A0D2-71041B19C8DE}.Release|x86.Build.0 = Release|Any CPU
		{64FC477D-1456-411B-8480-975AAAE318AE}.Debug_Ubuntu|Any CPU.ActiveCfg = Debug|Any CPU
		{64FC477D-1456-411B-8480-975AAAE318AE}.Debug_Ubuntu|Any CPU.Build.0 = Debug|Any CPU
		{64FC477D-1456-411B-8480-975AAAE318AE}.Debug_Ubuntu|x64.ActiveCfg = Debug|x64
		{64FC477D-1456-411B-8480-975AAAE318AE}.Debug_Ubuntu|x64.Build.0 = Debug|x64
		{64FC477D-1456-411B-8480-975AAAE318AE}.Debug_Ubuntu|x86.ActiveCfg = Debug|Any CPU
		{64FC477D-1456-411B-8480-975AAAE318AE}.Debug_Ubuntu|x86.Build.0 = Debug|Any CPU
		{64FC477D-1456-411B-8480-975AAAE318AE}.Debug|Any CPU.ActiveCfg = Debug|Any CPU
		{64FC477D-1456-411B-8480-975AAAE318AE}.Debug|Any CPU.Build.0 = Debug|Any CPU
		{64FC477D-1456-411B-8480-975AAAE318AE}.Debug|x64.ActiveCfg = Debug|x64
		{64FC477D-1456-411B-8480-975AAAE318AE}.Debug|x64.Build.0 = Debug|x64
		{64FC477D-1456-411B-8480-975AAAE318AE}.Debug|x86.ActiveCfg = Debug|Any CPU
		{64FC477D-1456-411B-8480-975AAAE318AE}.Debug|x86.Build.0 = Debug|Any CPU
		{64FC477D-1456-411B-8480-975AAAE318AE}.Release_Ubuntu|Any CPU.ActiveCfg = Release|Any CPU
		{64FC477D-1456-411B-8480-975AAAE318AE}.Release_Ubuntu|Any CPU.Build.0 = Release|Any CPU
		{64FC477D-1456-411B-8480-975AAAE318AE}.Release_Ubuntu|x64.ActiveCfg = Release|x64
		{64FC477D-1456-411B-8480-975AAAE318AE}.Release_Ubuntu|x64.Build.0 = Release|x64
		{64FC477D-1456-411B-8480-975AAAE318AE}.Release_Ubuntu|x86.ActiveCfg = Release|Any CPU
		{64FC477D-1456-411B-8480-975AAAE318AE}.Release_Ubuntu|x86.Build.0 = Release|Any CPU
		{64FC477D-1456-411B-8480-975AAAE318AE}.Release|Any CPU.ActiveCfg = Release|Any CPU
		{64FC477D-1456-411B-8480-975AAAE318AE}.Release|Any CPU.Build.0 = Release|Any CPU
		{64FC477D-1456-411B-8480-975AAAE318AE}.Release|x64.ActiveCfg = Release|x64
		{64FC477D-1456-411B-8480-975AAAE318AE}.Release|x64.Build.0 = Release|x64
		{64FC477D-1456-411B-8480-975AAAE318AE}.Release|x86.ActiveCfg = Release|Any CPU
		{64FC477D-1456-411B-8480-975AAAE318AE}.Release|x86.Build.0 = Release|Any CPU
		{57E6AFF7-474A-4D75-A74E-356A092CE83D}.Debug_Ubuntu|Any CPU.ActiveCfg = Debug|Any CPU
		{57E6AFF7-474A-4D75-A74E-356A092CE83D}.Debug_Ubuntu|Any CPU.Build.0 = Debug|Any CPU
		{57E6AFF7-474A-4D75-A74E-356A092CE83D}.Debug_Ubuntu|x64.ActiveCfg = Debug|x64
		{57E6AFF7-474A-4D75-A74E-356A092CE83D}.Debug_Ubuntu|x64.Build.0 = Debug|x64
		{57E6AFF7-474A-4D75-A74E-356A092CE83D}.Debug_Ubuntu|x86.ActiveCfg = Debug|Any CPU
		{57E6AFF7-474A-4D75-A74E-356A092CE83D}.Debug_Ubuntu|x86.Build.0 = Debug|Any CPU
		{57E6AFF7-474A-4D75-A74E-356A092CE83D}.Debug|Any CPU.ActiveCfg = Debug|Any CPU
		{57E6AFF7-474A-4D75-A74E-356A092CE83D}.Debug|Any CPU.Build.0 = Debug|Any CPU
		{57E6AFF7-474A-4D75-A74E-356A092CE83D}.Debug|x64.ActiveCfg = Debug|x64
		{57E6AFF7-474A-4D75-A74E-356A092CE83D}.Debug|x64.Build.0 = Debug|x64
		{57E6AFF7-474A-4D75-A74E-356A092CE83D}.Debug|x86.ActiveCfg = Debug|Any CPU
		{57E6AFF7-474A-4D75-A74E-356A092CE83D}.Debug|x86.Build.0 = Debug|Any CPU
		{57E6AFF7-474A-4D75-A74E-356A092CE83D}.Release_Ubuntu|Any CPU.ActiveCfg = Release|Any CPU
		{57E6AFF7-474A-4D75-A74E-356A092CE83D}.Release_Ubuntu|Any CPU.Build.0 = Release|Any CPU
		{57E6AFF7-474A-4D75-A74E-356A092CE83D}.Release_Ubuntu|x64.ActiveCfg = Release|x64
		{57E6AFF7-474A-4D75-A74E-356A092CE83D}.Release_Ubuntu|x64.Build.0 = Release|x64
		{57E6AFF7-474A-4D75-A74E-356A092CE83D}.Release_Ubuntu|x86.ActiveCfg = Release|Any CPU
		{57E6AFF7-474A-4D75-A74E-356A092CE83D}.Release_Ubuntu|x86.Build.0 = Release|Any CPU
		{57E6AFF7-474A-4D75-A74E-356A092CE83D}.Release|Any CPU.ActiveCfg = Release|Any CPU
		{57E6AFF7-474A-4D75-A74E-356A092CE83D}.Release|Any CPU.Build.0 = Release|Any CPU
		{57E6AFF7-474A-4D75-A74E-356A092CE83D}.Release|x64.ActiveCfg = Release|x64
		{57E6AFF7-474A-4D75-A74E-356A092CE83D}.Release|x64.Build.0 = Release|x64
		{57E6AFF7-474A-4D75-A74E-356A092CE83D}.Release|x86.ActiveCfg = Release|Any CPU
		{57E6AFF7-474A-4D75-A74E-356A092CE83D}.Release|x86.Build.0 = Release|Any CPU
		{7B70E81E-B561-497B-BC1D-4E3A8CB4C0FF}.Debug_Ubuntu|Any CPU.ActiveCfg = Debug|Any CPU
		{7B70E81E-B561-497B-BC1D-4E3A8CB4C0FF}.Debug_Ubuntu|Any CPU.Build.0 = Debug|Any CPU
		{7B70E81E-B561-497B-BC1D-4E3A8CB4C0FF}.Debug_Ubuntu|x64.ActiveCfg = Debug|x64
		{7B70E81E-B561-497B-BC1D-4E3A8CB4C0FF}.Debug_Ubuntu|x64.Build.0 = Debug|x64
		{7B70E81E-B561-497B-BC1D-4E3A8CB4C0FF}.Debug_Ubuntu|x86.ActiveCfg = Debug|Any CPU
		{7B70E81E-B561-497B-BC1D-4E3A8CB4C0FF}.Debug_Ubuntu|x86.Build.0 = Debug|Any CPU
		{7B70E81E-B561-497B-BC1D-4E3A8CB4C0FF}.Debug|Any CPU.ActiveCfg = Debug|Any CPU
		{7B70E81E-B561-497B-BC1D-4E3A8CB4C0FF}.Debug|Any CPU.Build.0 = Debug|Any CPU
		{7B70E81E-B561-497B-BC1D-4E3A8CB4C0FF}.Debug|x64.ActiveCfg = Debug|x64
		{7B70E81E-B561-497B-BC1D-4E3A8CB4C0FF}.Debug|x64.Build.0 = Debug|x64
		{7B70E81E-B561-497B-BC1D-4E3A8CB4C0FF}.Debug|x86.ActiveCfg = Debug|Any CPU
		{7B70E81E-B561-497B-BC1D-4E3A8CB4C0FF}.Debug|x86.Build.0 = Debug|Any CPU
		{7B70E81E-B561-497B-BC1D-4E3A8CB4C0FF}.Release_Ubuntu|Any CPU.ActiveCfg = Release|Any CPU
		{7B70E81E-B561-497B-BC1D-4E3A8CB4C0FF}.Release_Ubuntu|Any CPU.Build.0 = Release|Any CPU
		{7B70E81E-B561-497B-BC1D-4E3A8CB4C0FF}.Release_Ubuntu|x64.ActiveCfg = Release|x64
		{7B70E81E-B561-497B-BC1D-4E3A8CB4C0FF}.Release_Ubuntu|x64.Build.0 = Release|x64
		{7B70E81E-B561-497B-BC1D-4E3A8CB4C0FF}.Release_Ubuntu|x86.ActiveCfg = Release|Any CPU
		{7B70E81E-B561-497B-BC1D-4E3A8CB4C0FF}.Release_Ubuntu|x86.Build.0 = Release|Any CPU
		{7B70E81E-B561-497B-BC1D-4E3A8CB4C0FF}.Release|Any CPU.ActiveCfg = Release|Any CPU
		{7B70E81E-B561-497B-BC1D-4E3A8CB4C0FF}.Release|Any CPU.Build.0 = Release|Any CPU
		{7B70E81E-B561-497B-BC1D-4E3A8CB4C0FF}.Release|x64.ActiveCfg = Release|x64
		{7B70E81E-B561-497B-BC1D-4E3A8CB4C0FF}.Release|x64.Build.0 = Release|x64
		{7B70E81E-B561-497B-BC1D-4E3A8CB4C0FF}.Release|x86.ActiveCfg = Release|Any CPU
		{7B70E81E-B561-497B-BC1D-4E3A8CB4C0FF}.Release|x86.Build.0 = Release|Any CPU
		{343C20BE-1027-4EE6-B352-7B525F836196}.Debug_Ubuntu|Any CPU.ActiveCfg = Debug|Any CPU
		{343C20BE-1027-4EE6-B352-7B525F836196}.Debug_Ubuntu|Any CPU.Build.0 = Debug|Any CPU
		{343C20BE-1027-4EE6-B352-7B525F836196}.Debug_Ubuntu|x64.ActiveCfg = Debug|Any CPU
		{343C20BE-1027-4EE6-B352-7B525F836196}.Debug_Ubuntu|x64.Build.0 = Debug|Any CPU
		{343C20BE-1027-4EE6-B352-7B525F836196}.Debug_Ubuntu|x86.ActiveCfg = Debug|Any CPU
		{343C20BE-1027-4EE6-B352-7B525F836196}.Debug_Ubuntu|x86.Build.0 = Debug|Any CPU
		{343C20BE-1027-4EE6-B352-7B525F836196}.Debug|Any CPU.ActiveCfg = Debug|Any CPU
		{343C20BE-1027-4EE6-B352-7B525F836196}.Debug|Any CPU.Build.0 = Debug|Any CPU
		{343C20BE-1027-4EE6-B352-7B525F836196}.Debug|x64.ActiveCfg = Debug|Any CPU
		{343C20BE-1027-4EE6-B352-7B525F836196}.Debug|x64.Build.0 = Debug|Any CPU
		{343C20BE-1027-4EE6-B352-7B525F836196}.Debug|x86.ActiveCfg = Debug|Any CPU
		{343C20BE-1027-4EE6-B352-7B525F836196}.Debug|x86.Build.0 = Debug|Any CPU
		{343C20BE-1027-4EE6-B352-7B525F836196}.Release_Ubuntu|Any CPU.ActiveCfg = Release|Any CPU
		{343C20BE-1027-4EE6-B352-7B525F836196}.Release_Ubuntu|Any CPU.Build.0 = Release|Any CPU
		{343C20BE-1027-4EE6-B352-7B525F836196}.Release_Ubuntu|x64.ActiveCfg = Release|Any CPU
		{343C20BE-1027-4EE6-B352-7B525F836196}.Release_Ubuntu|x64.Build.0 = Release|Any CPU
		{343C20BE-1027-4EE6-B352-7B525F836196}.Release_Ubuntu|x86.ActiveCfg = Release|Any CPU
		{343C20BE-1027-4EE6-B352-7B525F836196}.Release_Ubuntu|x86.Build.0 = Release|Any CPU
		{343C20BE-1027-4EE6-B352-7B525F836196}.Release|Any CPU.ActiveCfg = Release|Any CPU
		{343C20BE-1027-4EE6-B352-7B525F836196}.Release|Any CPU.Build.0 = Release|Any CPU
		{343C20BE-1027-4EE6-B352-7B525F836196}.Release|x64.ActiveCfg = Release|Any CPU
		{343C20BE-1027-4EE6-B352-7B525F836196}.Release|x64.Build.0 = Release|Any CPU
		{343C20BE-1027-4EE6-B352-7B525F836196}.Release|x86.ActiveCfg = Release|Any CPU
		{343C20BE-1027-4EE6-B352-7B525F836196}.Release|x86.Build.0 = Release|Any CPU
	EndGlobalSection
	GlobalSection(SolutionProperties) = preSolution
		HideSolutionNode = FALSE
	EndGlobalSection
EndGlobal
